
Microsoft Visual Studio Solution File, Format Version 12.00
# Visual Studio Version 16
VisualStudioVersion = 16.0.29920.165
MinimumVisualStudioVersion = 10.0.40219.1
Project("{FAE04EC0-301F-11D3-BF4B-00C04F79EFBC}") = "Calculator", "Calculator\Calculator.csproj", "{7E90D8C2-4116-45E8-8A05-235114609E4E}"
EndProject
Global
	GlobalSection(SolutionConfigurationPlatforms) = preSolution
		Debug|Any CPU = Debug|Any CPU
		Release|Any CPU = Release|Any CPU
	EndGlobalSection
	GlobalSection(ProjectConfigurationPlatforms) = postSolution
		{7E90D8C2-4116-45E8-8A05-235114609E4E}.Debug|Any CPU.ActiveCfg = Debug|Any CPU
		{7E90D8C2-4116-45E8-8A05-235114609E4E}.Debug|Any CPU.Build.0 = Debug|Any CPU
		{7E90D8C2-4116-45E8-8A05-235114609E4E}.Release|Any CPU.ActiveCfg = Release|Any CPU
		{7E90D8C2-4116-45E8-8A05-235114609E4E}.Release|Any CPU.Build.0 = Release|Any CPU
	EndGlobalSection
	GlobalSection(SolutionProperties) = preSolution
		HideSolutionNode = FALSE
	EndGlobalSection
	GlobalSection(ExtensibilityGlobals) = postSolution
		SolutionGuid = {91AB2514-0E70-4831-99A3-05812D6217FF}
	EndGlobalSection
EndGlobal
